// !$*UTF8*$!
{
	archiveVersion = 1;
	classes = {
	};
	objectVersion = 56;
	objects = {

/* Begin PBXBuildFile section */
		674A4F942B77D61400F330A4 /* AppDelegate.swift in Sources */ = {isa = PBXBuildFile; fileRef = 674A4F932B77D61400F330A4 /* AppDelegate.swift */; };
		674A4F962B77D61400F330A4 /* SceneDelegate.swift in Sources */ = {isa = PBXBuildFile; fileRef = 674A4F952B77D61400F330A4 /* SceneDelegate.swift */; };
		674A4F982B77D61400F330A4 /* ViewController.swift in Sources */ = {isa = PBXBuildFile; fileRef = 674A4F972B77D61400F330A4 /* ViewController.swift */; };
		674A4F9B2B77D61400F330A4 /* Main.storyboard in Resources */ = {isa = PBXBuildFile; fileRef = 674A4F992B77D61400F330A4 /* Main.storyboard */; };
		674A4F9D2B77D61500F330A4 /* Assets.xcassets in Resources */ = {isa = PBXBuildFile; fileRef = 674A4F9C2B77D61500F330A4 /* Assets.xcassets */; };
		674A4FA02B77D61500F330A4 /* LaunchScreen.storyboard in Resources */ = {isa = PBXBuildFile; fileRef = 674A4F9E2B77D61500F330A4 /* LaunchScreen.storyboard */; };
		674A4FAB2B77D61500F330A4 /* JohnLewisTests.swift in Sources */ = {isa = PBXBuildFile; fileRef = 674A4FAA2B77D61500F330A4 /* JohnLewisTests.swift */; };
		674A4FB52B77D61500F330A4 /* JohnLewisUITests.swift in Sources */ = {isa = PBXBuildFile; fileRef = 674A4FB42B77D61500F330A4 /* JohnLewisUITests.swift */; };
		674A4FB72B77D61500F330A4 /* JohnLewisUITestsLaunchTests.swift in Sources */ = {isa = PBXBuildFile; fileRef = 674A4FB62B77D61500F330A4 /* JohnLewisUITestsLaunchTests.swift */; };
		674A4FC42B77D96400F330A4 /* CustomCell.swift in Sources */ = {isa = PBXBuildFile; fileRef = 674A4FC32B77D96400F330A4 /* CustomCell.swift */; };
		674A4FC92B77DFC200F330A4 /* Dishwashers.swift in Sources */ = {isa = PBXBuildFile; fileRef = 674A4FC82B77DFC200F330A4 /* Dishwashers.swift */; };
		67A101A52B7A2A0A000D4BB3 /* ProductViewController.swift in Sources */ = {isa = PBXBuildFile; fileRef = 67A101A42B7A2A0A000D4BB3 /* ProductViewController.swift */; };
		67A101A72B7A2E69000D4BB3 /* FeaturesViewController.swift in Sources */ = {isa = PBXBuildFile; fileRef = 67A101A62B7A2E69000D4BB3 /* FeaturesViewController.swift */; };
		67B607D52B78F34100354B18 /* SwiftyJSON in Frameworks */ = {isa = PBXBuildFile; productRef = 67B607D42B78F34100354B18 /* SwiftyJSON */; };
		67B607D92B79105C00354B18 /* NetworkCalls.swift in Sources */ = {isa = PBXBuildFile; fileRef = 67B607D82B79105C00354B18 /* NetworkCalls.swift */; };
/* End PBXBuildFile section */

/* Begin PBXContainerItemProxy section */
		674A4FA72B77D61500F330A4 /* PBXContainerItemProxy */ = {
			isa = PBXContainerItemProxy;
			containerPortal = 674A4F882B77D61400F330A4 /* Project object */;
			proxyType = 1;
			remoteGlobalIDString = 674A4F8F2B77D61400F330A4;
			remoteInfo = JohnLewis;
		};
		674A4FB12B77D61500F330A4 /* PBXContainerItemProxy */ = {
			isa = PBXContainerItemProxy;
			containerPortal = 674A4F882B77D61400F330A4 /* Project object */;
			proxyType = 1;
			remoteGlobalIDString = 674A4F8F2B77D61400F330A4;
			remoteInfo = JohnLewis;
		};
/* End PBXContainerItemProxy section */

/* Begin PBXFileReference section */
		674A4F902B77D61400F330A4 /* JohnLewis.app */ = {isa = PBXFileReference; explicitFileType = wrapper.application; includeInIndex = 0; path = JohnLewis.app; sourceTree = BUILT_PRODUCTS_DIR; };
		674A4F932B77D61400F330A4 /* AppDelegate.swift */ = {isa = PBXFileReference; lastKnownFileType = sourcecode.swift; path = AppDelegate.swift; sourceTree = "<group>"; };
		674A4F952B77D61400F330A4 /* SceneDelegate.swift */ = {isa = PBXFileReference; lastKnownFileType = sourcecode.swift; path = SceneDelegate.swift; sourceTree = "<group>"; };
		674A4F972B77D61400F330A4 /* ViewController.swift */ = {isa = PBXFileReference; lastKnownFileType = sourcecode.swift; path = ViewController.swift; sourceTree = "<group>"; };
		674A4F9A2B77D61400F330A4 /* Base */ = {isa = PBXFileReference; lastKnownFileType = file.storyboard; name = Base; path = Base.lproj/Main.storyboard; sourceTree = "<group>"; };
		674A4F9C2B77D61500F330A4 /* Assets.xcassets */ = {isa = PBXFileReference; lastKnownFileType = folder.assetcatalog; path = Assets.xcassets; sourceTree = "<group>"; };
		674A4F9F2B77D61500F330A4 /* Base */ = {isa = PBXFileReference; lastKnownFileType = file.storyboard; name = Base; path = Base.lproj/LaunchScreen.storyboard; sourceTree = "<group>"; };
		674A4FA12B77D61500F330A4 /* Info.plist */ = {isa = PBXFileReference; lastKnownFileType = text.plist.xml; path = Info.plist; sourceTree = "<group>"; };
		674A4FA62B77D61500F330A4 /* JohnLewisTests.xctest */ = {isa = PBXFileReference; explicitFileType = wrapper.cfbundle; includeInIndex = 0; path = JohnLewisTests.xctest; sourceTree = BUILT_PRODUCTS_DIR; };
		674A4FAA2B77D61500F330A4 /* JohnLewisTests.swift */ = {isa = PBXFileReference; lastKnownFileType = sourcecode.swift; path = JohnLewisTests.swift; sourceTree = "<group>"; };
		674A4FB02B77D61500F330A4 /* JohnLewisUITests.xctest */ = {isa = PBXFileReference; explicitFileType = wrapper.cfbundle; includeInIndex = 0; path = JohnLewisUITests.xctest; sourceTree = BUILT_PRODUCTS_DIR; };
		674A4FB42B77D61500F330A4 /* JohnLewisUITests.swift */ = {isa = PBXFileReference; lastKnownFileType = sourcecode.swift; path = JohnLewisUITests.swift; sourceTree = "<group>"; };
		674A4FB62B77D61500F330A4 /* JohnLewisUITestsLaunchTests.swift */ = {isa = PBXFileReference; lastKnownFileType = sourcecode.swift; path = JohnLewisUITestsLaunchTests.swift; sourceTree = "<group>"; };
		674A4FC32B77D96400F330A4 /* CustomCell.swift */ = {isa = PBXFileReference; lastKnownFileType = sourcecode.swift; path = CustomCell.swift; sourceTree = "<group>"; };
		674A4FC82B77DFC200F330A4 /* Dishwashers.swift */ = {isa = PBXFileReference; lastKnownFileType = sourcecode.swift; path = Dishwashers.swift; sourceTree = "<group>"; };
		67A101A42B7A2A0A000D4BB3 /* ProductViewController.swift */ = {isa = PBXFileReference; lastKnownFileType = sourcecode.swift; path = ProductViewController.swift; sourceTree = "<group>"; };
		67A101A62B7A2E69000D4BB3 /* FeaturesViewController.swift */ = {isa = PBXFileReference; lastKnownFileType = sourcecode.swift; path = FeaturesViewController.swift; sourceTree = "<group>"; };
		67B607D82B79105C00354B18 /* NetworkCalls.swift */ = {isa = PBXFileReference; lastKnownFileType = sourcecode.swift; path = NetworkCalls.swift; sourceTree = "<group>"; };
/* End PBXFileReference section */

/* Begin PBXFrameworksBuildPhase section */
		674A4F8D2B77D61400F330A4 /* Frameworks */ = {
			isa = PBXFrameworksBuildPhase;
			buildActionMask = 2147483647;
			files = (
				67B607D52B78F34100354B18 /* SwiftyJSON in Frameworks */,
			);
			runOnlyForDeploymentPostprocessing = 0;
		};
		674A4FA32B77D61500F330A4 /* Frameworks */ = {
			isa = PBXFrameworksBuildPhase;
			buildActionMask = 2147483647;
			files = (
			);
			runOnlyForDeploymentPostprocessing = 0;
		};
		674A4FAD2B77D61500F330A4 /* Frameworks */ = {
			isa = PBXFrameworksBuildPhase;
			buildActionMask = 2147483647;
			files = (
			);
			runOnlyForDeploymentPostprocessing = 0;
		};
/* End PBXFrameworksBuildPhase section */

/* Begin PBXGroup section */
		674A4F872B77D61400F330A4 = {
			isa = PBXGroup;
			children = (
				674A4F922B77D61400F330A4 /* JohnLewis */,
				674A4FA92B77D61500F330A4 /* JohnLewisTests */,
				674A4FB32B77D61500F330A4 /* JohnLewisUITests */,
				674A4F912B77D61400F330A4 /* Products */,
			);
			sourceTree = "<group>";
		};
		674A4F912B77D61400F330A4 /* Products */ = {
			isa = PBXGroup;
			children = (
				674A4F902B77D61400F330A4 /* JohnLewis.app */,
				674A4FA62B77D61500F330A4 /* JohnLewisTests.xctest */,
				674A4FB02B77D61500F330A4 /* JohnLewisUITests.xctest */,
			);
			name = Products;
			sourceTree = "<group>";
		};
		674A4F922B77D61400F330A4 /* JohnLewis */ = {
			isa = PBXGroup;
			children = (
				674A4FC72B77DFB300F330A4 /* Model */,
				674A4FCC2B78025800F330A4 /* View */,
				67B607D82B79105C00354B18 /* NetworkCalls.swift */,
				674A4F932B77D61400F330A4 /* AppDelegate.swift */,
				674A4F952B77D61400F330A4 /* SceneDelegate.swift */,
				674A4F992B77D61400F330A4 /* Main.storyboard */,
				674A4F9C2B77D61500F330A4 /* Assets.xcassets */,
				674A4F9E2B77D61500F330A4 /* LaunchScreen.storyboard */,
				674A4FA12B77D61500F330A4 /* Info.plist */,
			);
			path = JohnLewis;
			sourceTree = "<group>";
		};
		674A4FA92B77D61500F330A4 /* JohnLewisTests */ = {
			isa = PBXGroup;
			children = (
				674A4FAA2B77D61500F330A4 /* JohnLewisTests.swift */,
			);
			path = JohnLewisTests;
			sourceTree = "<group>";
		};
		674A4FB32B77D61500F330A4 /* JohnLewisUITests */ = {
			isa = PBXGroup;
			children = (
				674A4FB42B77D61500F330A4 /* JohnLewisUITests.swift */,
				674A4FB62B77D61500F330A4 /* JohnLewisUITestsLaunchTests.swift */,
			);
			path = JohnLewisUITests;
			sourceTree = "<group>";
		};
		674A4FC72B77DFB300F330A4 /* Model */ = {
			isa = PBXGroup;
			children = (
				674A4FC82B77DFC200F330A4 /* Dishwashers.swift */,
			);
			path = Model;
			sourceTree = "<group>";
		};
		674A4FCC2B78025800F330A4 /* View */ = {
			isa = PBXGroup;
			children = (
				674A4F972B77D61400F330A4 /* ViewController.swift */,
				674A4FC32B77D96400F330A4 /* CustomCell.swift */,
				67A101A42B7A2A0A000D4BB3 /* ProductViewController.swift */,
				67A101A62B7A2E69000D4BB3 /* FeaturesViewController.swift */,
			);
			path = View;
			sourceTree = "<group>";
		};
/* End PBXGroup section */

/* Begin PBXNativeTarget section */
		674A4F8F2B77D61400F330A4 /* JohnLewis */ = {
			isa = PBXNativeTarget;
			buildConfigurationList = 674A4FBA2B77D61500F330A4 /* Build configuration list for PBXNativeTarget "JohnLewis" */;
			buildPhases = (
				674A4F8C2B77D61400F330A4 /* Sources */,
				674A4F8D2B77D61400F330A4 /* Frameworks */,
				674A4F8E2B77D61400F330A4 /* Resources */,
			);
			buildRules = (
			);
			dependencies = (
			);
			name = JohnLewis;
			packageProductDependencies = (
				67B607D42B78F34100354B18 /* SwiftyJSON */,
			);
			productName = JohnLewis;
			productReference = 674A4F902B77D61400F330A4 /* JohnLewis.app */;
			productType = "com.apple.product-type.application";
		};
		674A4FA52B77D61500F330A4 /* JohnLewisTests */ = {
			isa = PBXNativeTarget;
			buildConfigurationList = 674A4FBD2B77D61500F330A4 /* Build configuration list for PBXNativeTarget "JohnLewisTests" */;
			buildPhases = (
				674A4FA22B77D61500F330A4 /* Sources */,
				674A4FA32B77D61500F330A4 /* Frameworks */,
				674A4FA42B77D61500F330A4 /* Resources */,
			);
			buildRules = (
			);
			dependencies = (
				674A4FA82B77D61500F330A4 /* PBXTargetDependency */,
			);
			name = JohnLewisTests;
			productName = JohnLewisTests;
			productReference = 674A4FA62B77D61500F330A4 /* JohnLewisTests.xctest */;
			productType = "com.apple.product-type.bundle.unit-test";
		};
		674A4FAF2B77D61500F330A4 /* JohnLewisUITests */ = {
			isa = PBXNativeTarget;
			buildConfigurationList = 674A4FC02B77D61500F330A4 /* Build configuration list for PBXNativeTarget "JohnLewisUITests" */;
			buildPhases = (
				674A4FAC2B77D61500F330A4 /* Sources */,
				674A4FAD2B77D61500F330A4 /* Frameworks */,
				674A4FAE2B77D61500F330A4 /* Resources */,
			);
			buildRules = (
			);
			dependencies = (
				674A4FB22B77D61500F330A4 /* PBXTargetDependency */,
			);
			name = JohnLewisUITests;
			productName = JohnLewisUITests;
			productReference = 674A4FB02B77D61500F330A4 /* JohnLewisUITests.xctest */;
			productType = "com.apple.product-type.bundle.ui-testing";
		};
/* End PBXNativeTarget section */

/* Begin PBXProject section */
		674A4F882B77D61400F330A4 /* Project object */ = {
			isa = PBXProject;
			attributes = {
				BuildIndependentTargetsInParallel = 1;
				LastSwiftUpdateCheck = 1520;
				LastUpgradeCheck = 1520;
				TargetAttributes = {
					674A4F8F2B77D61400F330A4 = {
						CreatedOnToolsVersion = 15.2;
					};
					674A4FA52B77D61500F330A4 = {
						CreatedOnToolsVersion = 15.2;
						TestTargetID = 674A4F8F2B77D61400F330A4;
					};
					674A4FAF2B77D61500F330A4 = {
						CreatedOnToolsVersion = 15.2;
						TestTargetID = 674A4F8F2B77D61400F330A4;
					};
				};
			};
			buildConfigurationList = 674A4F8B2B77D61400F330A4 /* Build configuration list for PBXProject "JohnLewis" */;
			compatibilityVersion = "Xcode 14.0";
			developmentRegion = en;
			hasScannedForEncodings = 0;
			knownRegions = (
				en,
				Base,
			);
			mainGroup = 674A4F872B77D61400F330A4;
			packageReferences = (
				67B607D32B78F34100354B18 /* XCRemoteSwiftPackageReference "SwiftyJSON" */,
			);
			productRefGroup = 674A4F912B77D61400F330A4 /* Products */;
			projectDirPath = "";
			projectRoot = "";
			targets = (
				674A4F8F2B77D61400F330A4 /* JohnLewis */,
				674A4FA52B77D61500F330A4 /* JohnLewisTests */,
				674A4FAF2B77D61500F330A4 /* JohnLewisUITests */,
			);
		};
/* End PBXProject section */

/* Begin PBXResourcesBuildPhase section */
		674A4F8E2B77D61400F330A4 /* Resources */ = {
			isa = PBXResourcesBuildPhase;
			buildActionMask = 2147483647;
			files = (
				674A4FA02B77D61500F330A4 /* LaunchScreen.storyboard in Resources */,
				674A4F9D2B77D61500F330A4 /* Assets.xcassets in Resources */,
				674A4F9B2B77D61400F330A4 /* Main.storyboard in Resources */,
			);
			runOnlyForDeploymentPostprocessing = 0;
		};
		674A4FA42B77D61500F330A4 /* Resources */ = {
			isa = PBXResourcesBuildPhase;
			buildActionMask = 2147483647;
			files = (
			);
			runOnlyForDeploymentPostprocessing = 0;
		};
		674A4FAE2B77D61500F330A4 /* Resources */ = {
			isa = PBXResourcesBuildPhase;
			buildActionMask = 2147483647;
			files = (
			);
			runOnlyForDeploymentPostprocessing = 0;
		};
/* End PBXResourcesBuildPhase section */

/* Begin PBXSourcesBuildPhase section */
		674A4F8C2B77D61400F330A4 /* Sources */ = {
			isa = PBXSourcesBuildPhase;
			buildActionMask = 2147483647;
			files = (
				674A4F982B77D61400F330A4 /* ViewController.swift in Sources */,
				67B607D92B79105C00354B18 /* NetworkCalls.swift in Sources */,
				67A101A52B7A2A0A000D4BB3 /* ProductViewController.swift in Sources */,
				674A4FC92B77DFC200F330A4 /* Dishwashers.swift in Sources */,
				674A4F942B77D61400F330A4 /* AppDelegate.swift in Sources */,
				674A4FC42B77D96400F330A4 /* CustomCell.swift in Sources */,
				67A101A72B7A2E69000D4BB3 /* FeaturesViewController.swift in Sources */,
				674A4F962B77D61400F330A4 /* SceneDelegate.swift in Sources */,
			);
			runOnlyForDeploymentPostprocessing = 0;
		};
		674A4FA22B77D61500F330A4 /* Sources */ = {
			isa = PBXSourcesBuildPhase;
			buildActionMask = 2147483647;
			files = (
				674A4FAB2B77D61500F330A4 /* JohnLewisTests.swift in Sources */,
			);
			runOnlyForDeploymentPostprocessing = 0;
		};
		674A4FAC2B77D61500F330A4 /* Sources */ = {
			isa = PBXSourcesBuildPhase;
			buildActionMask = 2147483647;
			files = (
				674A4FB72B77D61500F330A4 /* JohnLewisUITestsLaunchTests.swift in Sources */,
				674A4FB52B77D61500F330A4 /* JohnLewisUITests.swift in Sources */,
			);
			runOnlyForDeploymentPostprocessing = 0;
		};
/* End PBXSourcesBuildPhase section */

/* Begin PBXTargetDependency section */
		674A4FA82B77D61500F330A4 /* PBXTargetDependency */ = {
			isa = PBXTargetDependency;
			target = 674A4F8F2B77D61400F330A4 /* JohnLewis */;
			targetProxy = 674A4FA72B77D61500F330A4 /* PBXContainerItemProxy */;
		};
		674A4FB22B77D61500F330A4 /* PBXTargetDependency */ = {
			isa = PBXTargetDependency;
			target = 674A4F8F2B77D61400F330A4 /* JohnLewis */;
			targetProxy = 674A4FB12B77D61500F330A4 /* PBXContainerItemProxy */;
		};
/* End PBXTargetDependency section */

/* Begin PBXVariantGroup section */
		674A4F992B77D61400F330A4 /* Main.storyboard */ = {
			isa = PBXVariantGroup;
			children = (
				674A4F9A2B77D61400F330A4 /* Base */,
			);
			name = Main.storyboard;
			sourceTree = "<group>";
		};
		674A4F9E2B77D61500F330A4 /* LaunchScreen.storyboard */ = {
			isa = PBXVariantGroup;
			children = (
				674A4F9F2B77D61500F330A4 /* Base */,
			);
			name = LaunchScreen.storyboard;
			sourceTree = "<group>";
		};
/* End PBXVariantGroup section */

/* Begin XCBuildConfiguration section */
		674A4FB82B77D61500F330A4 /* Debug */ = {
			isa = XCBuildConfiguration;
			buildSettings = {
				ALWAYS_SEARCH_USER_PATHS = NO;
				ASSETCATALOG_COMPILER_GENERATE_SWIFT_ASSET_SYMBOL_EXTENSIONS = YES;
				CLANG_ANALYZER_NONNULL = YES;
				CLANG_ANALYZER_NUMBER_OBJECT_CONVERSION = YES_AGGRESSIVE;
				CLANG_CXX_LANGUAGE_STANDARD = "gnu++20";
				CLANG_ENABLE_MODULES = YES;
				CLANG_ENABLE_OBJC_ARC = YES;
				CLANG_ENABLE_OBJC_WEAK = YES;
				CLANG_WARN_BLOCK_CAPTURE_AUTORELEASING = YES;
				CLANG_WARN_BOOL_CONVERSION = YES;
				CLANG_WARN_COMMA = YES;
				CLANG_WARN_CONSTANT_CONVERSION = YES;
				CLANG_WARN_DEPRECATED_OBJC_IMPLEMENTATIONS = YES;
				CLANG_WARN_DIRECT_OBJC_ISA_USAGE = YES_ERROR;
				CLANG_WARN_DOCUMENTATION_COMMENTS = YES;
				CLANG_WARN_EMPTY_BODY = YES;
				CLANG_WARN_ENUM_CONVERSION = YES;
				CLANG_WARN_INFINITE_RECURSION = YES;
				CLANG_WARN_INT_CONVERSION = YES;
				CLANG_WARN_NON_LITERAL_NULL_CONVERSION = YES;
				CLANG_WARN_OBJC_IMPLICIT_RETAIN_SELF = YES;
				CLANG_WARN_OBJC_LITERAL_CONVERSION = YES;
				CLANG_WARN_OBJC_ROOT_CLASS = YES_ERROR;
				CLANG_WARN_QUOTED_INCLUDE_IN_FRAMEWORK_HEADER = YES;
				CLANG_WARN_RANGE_LOOP_ANALYSIS = YES;
				CLANG_WARN_STRICT_PROTOTYPES = YES;
				CLANG_WARN_SUSPICIOUS_MOVE = YES;
				CLANG_WARN_UNGUARDED_AVAILABILITY = YES_AGGRESSIVE;
				CLANG_WARN_UNREACHABLE_CODE = YES;
				CLANG_WARN__DUPLICATE_METHOD_MATCH = YES;
				COPY_PHASE_STRIP = NO;
				DEBUG_INFORMATION_FORMAT = dwarf;
				ENABLE_STRICT_OBJC_MSGSEND = YES;
				ENABLE_TESTABILITY = YES;
				ENABLE_USER_SCRIPT_SANDBOXING = YES;
				GCC_C_LANGUAGE_STANDARD = gnu17;
				GCC_DYNAMIC_NO_PIC = NO;
				GCC_NO_COMMON_BLOCKS = YES;
				GCC_OPTIMIZATION_LEVEL = 0;
				GCC_PREPROCESSOR_DEFINITIONS = (
					"DEBUG=1",
					"$(inherited)",
				);
				GCC_WARN_64_TO_32_BIT_CONVERSION = YES;
				GCC_WARN_ABOUT_RETURN_TYPE = YES_ERROR;
				GCC_WARN_UNDECLARED_SELECTOR = YES;
				GCC_WARN_UNINITIALIZED_AUTOS = YES_AGGRESSIVE;
				GCC_WARN_UNUSED_FUNCTION = YES;
				GCC_WARN_UNUSED_VARIABLE = YES;
				IPHONEOS_DEPLOYMENT_TARGET = 17.2;
				LOCALIZATION_PREFERS_STRING_CATALOGS = YES;
				MTL_ENABLE_DEBUG_INFO = INCLUDE_SOURCE;
				MTL_FAST_MATH = YES;
				ONLY_ACTIVE_ARCH = YES;
				SDKROOT = iphoneos;
				SWIFT_ACTIVE_COMPILATION_CONDITIONS = "DEBUG $(inherited)";
				SWIFT_OPTIMIZATION_LEVEL = "-Onone";
			};
			name = Debug;
		};
		674A4FB92B77D61500F330A4 /* Release */ = {
			isa = XCBuildConfiguration;
			buildSettings = {
				ALWAYS_SEARCH_USER_PATHS = NO;
				ASSETCATALOG_COMPILER_GENERATE_SWIFT_ASSET_SYMBOL_EXTENSIONS = YES;
				CLANG_ANALYZER_NONNULL = YES;
				CLANG_ANALYZER_NUMBER_OBJECT_CONVERSION = YES_AGGRESSIVE;
				CLANG_CXX_LANGUAGE_STANDARD = "gnu++20";
				CLANG_ENABLE_MODULES = YES;
				CLANG_ENABLE_OBJC_ARC = YES;
				CLANG_ENABLE_OBJC_WEAK = YES;
				CLANG_WARN_BLOCK_CAPTURE_AUTORELEASING = YES;
				CLANG_WARN_BOOL_CONVERSION = YES;
				CLANG_WARN_COMMA = YES;
				CLANG_WARN_CONSTANT_CONVERSION = YES;
				CLANG_WARN_DEPRECATED_OBJC_IMPLEMENTATIONS = YES;
				CLANG_WARN_DIRECT_OBJC_ISA_USAGE = YES_ERROR;
				CLANG_WARN_DOCUMENTATION_COMMENTS = YES;
				CLANG_WARN_EMPTY_BODY = YES;
				CLANG_WARN_ENUM_CONVERSION = YES;
				CLANG_WARN_INFINITE_RECURSION = YES;
				CLANG_WARN_INT_CONVERSION = YES;
				CLANG_WARN_NON_LITERAL_NULL_CONVERSION = YES;
				CLANG_WARN_OBJC_IMPLICIT_RETAIN_SELF = YES;
				CLANG_WARN_OBJC_LITERAL_CONVERSION = YES;
				CLANG_WARN_OBJC_ROOT_CLASS = YES_ERROR;
				CLANG_WARN_QUOTED_INCLUDE_IN_FRAMEWORK_HEADER = YES;
				CLANG_WARN_RANGE_LOOP_ANALYSIS = YES;
				CLANG_WARN_STRICT_PROTOTYPES = YES;
				CLANG_WARN_SUSPICIOUS_MOVE = YES;
				CLANG_WARN_UNGUARDED_AVAILABILITY = YES_AGGRESSIVE;
				CLANG_WARN_UNREACHABLE_CODE = YES;
				CLANG_WARN__DUPLICATE_METHOD_MATCH = YES;
				COPY_PHASE_STRIP = NO;
				DEBUG_INFORMATION_FORMAT = "dwarf-with-dsym";
				ENABLE_NS_ASSERTIONS = NO;
				ENABLE_STRICT_OBJC_MSGSEND = YES;
				ENABLE_USER_SCRIPT_SANDBOXING = YES;
				GCC_C_LANGUAGE_STANDARD = gnu17;
				GCC_NO_COMMON_BLOCKS = YES;
				GCC_WARN_64_TO_32_BIT_CONVERSION = YES;
				GCC_WARN_ABOUT_RETURN_TYPE = YES_ERROR;
				GCC_WARN_UNDECLARED_SELECTOR = YES;
				GCC_WARN_UNINITIALIZED_AUTOS = YES_AGGRESSIVE;
				GCC_WARN_UNUSED_FUNCTION = YES;
				GCC_WARN_UNUSED_VARIABLE = YES;
				IPHONEOS_DEPLOYMENT_TARGET = 17.2;
				LOCALIZATION_PREFERS_STRING_CATALOGS = YES;
				MTL_ENABLE_DEBUG_INFO = NO;
				MTL_FAST_MATH = YES;
				SDKROOT = iphoneos;
				SWIFT_COMPILATION_MODE = wholemodule;
				VALIDATE_PRODUCT = YES;
			};
			name = Release;
		};
		674A4FBB2B77D61500F330A4 /* Debug */ = {
			isa = XCBuildConfiguration;
			buildSettings = {
				ASSETCATALOG_COMPILER_APPICON_NAME = AppIcon;
				ASSETCATALOG_COMPILER_GLOBAL_ACCENT_COLOR_NAME = AccentColor;
				CODE_SIGN_STYLE = Automatic;
				CURRENT_PROJECT_VERSION = 1;
				DEVELOPMENT_TEAM = 68Z27E7S2D;
				GENERATE_INFOPLIST_FILE = YES;
				INFOPLIST_FILE = JohnLewis/Info.plist;
				INFOPLIST_KEY_UIApplicationSupportsIndirectInputEvents = YES;
				INFOPLIST_KEY_UILaunchStoryboardName = LaunchScreen;
				INFOPLIST_KEY_UIMainStoryboardFile = Main;
				INFOPLIST_KEY_UISupportedInterfaceOrientations = UIInterfaceOrientationPortrait;
				LD_RUNPATH_SEARCH_PATHS = (
					"$(inherited)",
					"@executable_path/Frameworks",
				);
				MARKETING_VERSION = 1.0;
				PRODUCT_BUNDLE_IDENTIFIER = com.JohnLewis;
				PRODUCT_NAME = "$(TARGET_NAME)";
				SUPPORTED_PLATFORMS = "iphoneos iphonesimulator";
				SUPPORTS_MACCATALYST = NO;
				SUPPORTS_MAC_DESIGNED_FOR_IPHONE_IPAD = NO;
				SUPPORTS_XR_DESIGNED_FOR_IPHONE_IPAD = NO;
				SWIFT_EMIT_LOC_STRINGS = YES;
				SWIFT_VERSION = 5.0;
				TARGETED_DEVICE_FAMILY = "1,2";
			};
			name = Debug;
		};
		674A4FBC2B77D61500F330A4 /* Release */ = {
			isa = XCBuildConfiguration;
			buildSettings = {
				ASSETCATALOG_COMPILER_APPICON_NAME = AppIcon;
				ASSETCATALOG_COMPILER_GLOBAL_ACCENT_COLOR_NAME = AccentColor;
				CODE_SIGN_STYLE = Automatic;
				CURRENT_PROJECT_VERSION = 1;
				DEVELOPMENT_TEAM = 68Z27E7S2D;
				GENERATE_INFOPLIST_FILE = YES;
				INFOPLIST_FILE = JohnLewis/Info.plist;
				INFOPLIST_KEY_UIApplicationSupportsIndirectInputEvents = YES;
				INFOPLIST_KEY_UILaunchStoryboardName = LaunchScreen;
				INFOPLIST_KEY_UIMainStoryboardFile = Main;
				INFOPLIST_KEY_UISupportedInterfaceOrientations = UIInterfaceOrientationPortrait;
				LD_RUNPATH_SEARCH_PATHS = (
					"$(inherited)",
					"@executable_path/Frameworks",
				);
				MARKETING_VERSION = 1.0;
				PRODUCT_BUNDLE_IDENTIFIER = com.JohnLewis;
				PRODUCT_NAME = "$(TARGET_NAME)";
				SUPPORTED_PLATFORMS = "iphoneos iphonesimulator";
				SUPPORTS_MACCATALYST = NO;
				SUPPORTS_MAC_DESIGNED_FOR_IPHONE_IPAD = NO;
				SUPPORTS_XR_DESIGNED_FOR_IPHONE_IPAD = NO;
				SWIFT_EMIT_LOC_STRINGS = YES;
				SWIFT_VERSION = 5.0;
				TARGETED_DEVICE_FAMILY = "1,2";
			};
			name = Release;
		};
		674A4FBE2B77D61500F330A4 /* Debug */ = {
			isa = XCBuildConfiguration;
			buildSettings = {
				ALWAYS_EMBED_SWIFT_STANDARD_LIBRARIES = YES;
				BUNDLE_LOADER = "$(TEST_HOST)";
				CODE_SIGN_STYLE = Automatic;
				CURRENT_PROJECT_VERSION = 1;
				DEVELOPMENT_TEAM = 68Z27E7S2D;
				GENERATE_INFOPLIST_FILE = YES;
				IPHONEOS_DEPLOYMENT_TARGET = 17.2;
				MARKETING_VERSION = 1.0;
				PRODUCT_BUNDLE_IDENTIFIER = com.JohnLewisTests;
				PRODUCT_NAME = "$(TARGET_NAME)";
				SWIFT_EMIT_LOC_STRINGS = NO;
				SWIFT_VERSION = 5.0;
				TARGETED_DEVICE_FAMILY = "1,2";
				TEST_HOST = "$(BUILT_PRODUCTS_DIR)/JohnLewis.app/$(BUNDLE_EXECUTABLE_FOLDER_PATH)/JohnLewis";
			};
			name = Debug;
		};
		674A4FBF2B77D61500F330A4 /* Release */ = {
			isa = XCBuildConfiguration;
			buildSettings = {
				ALWAYS_EMBED_SWIFT_STANDARD_LIBRARIES = YES;
				BUNDLE_LOADER = "$(TEST_HOST)";
				CODE_SIGN_STYLE = Automatic;
				CURRENT_PROJECT_VERSION = 1;
				DEVELOPMENT_TEAM = 68Z27E7S2D;
				GENERATE_INFOPLIST_FILE = YES;
				IPHONEOS_DEPLOYMENT_TARGET = 17.2;
				MARKETING_VERSION = 1.0;
				PRODUCT_BUNDLE_IDENTIFIER = com.JohnLewisTests;
				PRODUCT_NAME = "$(TARGET_NAME)";
				SWIFT_EMIT_LOC_STRINGS = NO;
				SWIFT_VERSION = 5.0;
				TARGETED_DEVICE_FAMILY = "1,2";
				TEST_HOST = "$(BUILT_PRODUCTS_DIR)/JohnLewis.app/$(BUNDLE_EXECUTABLE_FOLDER_PATH)/JohnLewis";
			};
			name = Release;
		};
		674A4FC12B77D61500F330A4 /* Debug */ = {
			isa = XCBuildConfiguration;
			buildSettings = {
				ALWAYS_EMBED_SWIFT_STANDARD_LIBRARIES = YES;
				CODE_SIGN_STYLE = Automatic;
				CURRENT_PROJECT_VERSION = 1;
				DEVELOPMENT_TEAM = 68Z27E7S2D;
				GENERATE_INFOPLIST_FILE = YES;
				MARKETING_VERSION = 1.0;
				PRODUCT_BUNDLE_IDENTIFIER = com.JohnLewisUITests;
				PRODUCT_NAME = "$(TARGET_NAME)";
				SWIFT_EMIT_LOC_STRINGS = NO;
				SWIFT_VERSION = 5.0;
				TARGETED_DEVICE_FAMILY = "1,2";
				TEST_TARGET_NAME = JohnLewis;
			};
			name = Debug;
		};
		674A4FC22B77D61500F330A4 /* Release */ = {
			isa = XCBuildConfiguration;
			buildSettings = {
				ALWAYS_EMBED_SWIFT_STANDARD_LIBRARIES = YES;
				CODE_SIGN_STYLE = Automatic;
				CURRENT_PROJECT_VERSION = 1;
				DEVELOPMENT_TEAM = 68Z27E7S2D;
				GENERATE_INFOPLIST_FILE = YES;
				MARKETING_VERSION = 1.0;
				PRODUCT_BUNDLE_IDENTIFIER = com.JohnLewisUITests;
				PRODUCT_NAME = "$(TARGET_NAME)";
				SWIFT_EMIT_LOC_STRINGS = NO;
				SWIFT_VERSION = 5.0;
				TARGETED_DEVICE_FAMILY = "1,2";
				TEST_TARGET_NAME = JohnLewis;
			};
			name = Release;
		};
/* End XCBuildConfiguration section */

/* Begin XCConfigurationList section */
		674A4F8B2B77D61400F330A4 /* Build configuration list for PBXProject "JohnLewis" */ = {
			isa = XCConfigurationList;
			buildConfigurations = (
				674A4FB82B77D61500F330A4 /* Debug */,
				674A4FB92B77D61500F330A4 /* Release */,
			);
			defaultConfigurationIsVisible = 0;
			defaultConfigurationName = Release;
		};
		674A4FBA2B77D61500F330A4 /* Build configuration list for PBXNativeTarget "JohnLewis" */ = {
			isa = XCConfigurationList;
			buildConfigurations = (
				674A4FBB2B77D61500F330A4 /* Debug */,
				674A4FBC2B77D61500F330A4 /* Release */,
			);
			defaultConfigurationIsVisible = 0;
			defaultConfigurationName = Release;
		};
		674A4FBD2B77D61500F330A4 /* Build configuration list for PBXNativeTarget "JohnLewisTests" */ = {
			isa = XCConfigurationList;
			buildConfigurations = (
				674A4FBE2B77D61500F330A4 /* Debug */,
				674A4FBF2B77D61500F330A4 /* Release */,
			);
			defaultConfigurationIsVisible = 0;
			defaultConfigurationName = Release;
		};
		674A4FC02B77D61500F330A4 /* Build configuration list for PBXNativeTarget "JohnLewisUITests" */ = {
			isa = XCConfigurationList;
			buildConfigurations = (
				674A4FC12B77D61500F330A4 /* Debug */,
				674A4FC22B77D61500F330A4 /* Release */,
			);
			defaultConfigurationIsVisible = 0;
			defaultConfigurationName = Release;
		};
/* End XCConfigurationList section */

/* Begin XCRemoteSwiftPackageReference section */
		67B607D32B78F34100354B18 /* XCRemoteSwiftPackageReference "SwiftyJSON" */ = {
			isa = XCRemoteSwiftPackageReference;
			repositoryURL = "https://github.com/SwiftyJSON/SwiftyJSON";
			requirement = {
				kind = upToNextMajorVersion;
				minimumVersion = 5.0.1;
			};
		};
/* End XCRemoteSwiftPackageReference section */

/* Begin XCSwiftPackageProductDependency section */
		67B607D42B78F34100354B18 /* SwiftyJSON */ = {
			isa = XCSwiftPackageProductDependency;
			package = 67B607D32B78F34100354B18 /* XCRemoteSwiftPackageReference "SwiftyJSON" */;
			productName = SwiftyJSON;
		};
/* End XCSwiftPackageProductDependency section */
	};
	rootObject = 674A4F882B77D61400F330A4 /* Project object */;
}
